<Solution>
  <Configurations>
    <Platform Name="Any CPU" />
    <Platform Name="x64" />
    <Platform Name="x86" />
  </Configurations>
  <Folder Name="/Task0/">
    <Project Path="Tyuiu.VinokurovAv.Sprint0.Task0.V0/Tyuiu.VinokurovAv.Sprint0.Task0.V0.vcxproj" Id="dc586327-0c6a-409a-afea-e33e7a02c237" />
  </Folder>
  <Folder Name="/Task1/">
    <Project Path="Tyuiu.VinokurowAV.Sprint0.Task1.V0/Tyuiu.VinokurowAV.Sprint0.Task1.V0.csproj" Id="f06c855a-ad1e-4e49-9ebf-0c38b6422f68" />
  </Folder>
  <Folder Name="/Task2/">
    <Project Path="Tyuiu.VinokurowAV.Sprint0.Task2.V0.Lib/Tyuiu.VinokurowAV.Sprint0.Task2.V0.Lib.csproj" Id="46f7e78c-fb2d-415b-b895-952dee84ffce" />
    <Project Path="Tyuiu.VinokurowAV.Sprint0.Task2.V0.Test/Tyuiu.VinokurowAV.Sprint0.Task2.V0.Test.csproj" Id="0d0c15bb-d04c-4454-b458-70635b7fcf2d" />
    <Project Path="Tyuiu.VinokurowAV.Sprint0.Task2.V0/Tyuiu.VinokurowAV.Sprint0.Task2.V0.csproj" Id="0db64c3c-6e50-4835-bdee-4062314c6be1" />
  </Folder>
  <Folder Name="/Task3/">
    <Project Path="Tyuiu.VinokurovAV.Sprint0.Task3.V0.Lib/Tyuiu.VinokurovAV.Sprint0.Task3.V0.Lib.csproj" Id="84becda1-c50b-4e54-8d94-82bfbc6f8135" />
    <Project Path="Tyuiu.VinokurovAV.Sprint0.Task3.V0.Test/Tyuiu.VinokurovAV.Sprint0.Task3.V0.Test.csproj" Id="ef433da4-7bdb-4316-a678-975a2b43bc01" />
    <Project Path="Tyuiu.VinokurovAV.Sprint0.Task3.V0/Tyuiu.VinokurovAV.Sprint0.Task3.V0.csproj" Id="232120cb-6150-4280-847f-1b275c52fd3c" />
  </Folder>
</Solution>
